
Microsoft Visual Studio Solution File, Format Version 12.00
# Visual Studio Version 17
VisualStudioVersion = 17.6.33723.286
MinimumVisualStudioVersion = 10.0.40219.1
Project("{9A19103F-16F7-4668-BE54-9A1E7A4F7556}") = "CertificateAuthtentication", "CertificateAuthtentication\CertificateAuthtentication.csproj", "{DD92E5F7-8A5B-4103-97A7-602043280A9A}"
EndProject
Project("{9A19103F-16F7-4668-BE54-9A1E7A4F7556}") = "clientt", "..\clientt\clientt.csproj", "{179904FA-732A-42B6-BA72-4C5285DAB80C}"
EndProject
Global
	GlobalSection(SolutionConfigurationPlatforms) = preSolution
		Debug|Any CPU = Debug|Any CPU
		Release|Any CPU = Release|Any CPU
	EndGlobalSection
	GlobalSection(ProjectConfigurationPlatforms) = postSolution
		{DD92E5F7-8A5B-4103-97A7-602043280A9A}.Debug|Any CPU.ActiveCfg = Debug|Any CPU
		{DD92E5F7-8A5B-4103-97A7-602043280A9A}.Debug|Any CPU.Build.0 = Debug|Any CPU
		{DD92E5F7-8A5B-4103-97A7-602043280A9A}.Release|Any CPU.ActiveCfg = Release|Any CPU
		{DD92E5F7-8A5B-4103-97A7-602043280A9A}.Release|Any CPU.Build.0 = Release|Any CPU
		{179904FA-732A-42B6-BA72-4C5285DAB80C}.Debug|Any CPU.ActiveCfg = Debug|Any CPU
		{179904FA-732A-42B6-BA72-4C5285DAB80C}.Debug|Any CPU.Build.0 = Debug|Any CPU
		{179904FA-732A-42B6-BA72-4C5285DAB80C}.Release|Any CPU.ActiveCfg = Release|Any CPU
		{179904FA-732A-42B6-BA72-4C5285DAB80C}.Release|Any CPU.Build.0 = Release|Any CPU
	EndGlobalSection
	GlobalSection(SolutionProperties) = preSolution
		HideSolutionNode = FALSE
	EndGlobalSection
	GlobalSection(ExtensibilityGlobals) = postSolution
		SolutionGuid = {5580F692-9EB0-4D51-A989-BD6925B76F7A}
	EndGlobalSection
EndGlobal
